
Microsoft Visual Studio Solution File, Format Version 12.00
# Visual Studio Version 17
VisualStudioVersion = 17.0.32112.339
MinimumVisualStudioVersion = 10.0.40219.1
Project("{FAE04EC0-301F-11D3-BF4B-00C04F79EFBC}") = "Talej Image Processor CMSC 630", "Talej Image Processor CMSC 630\Talej Image Processor CMSC 630.csproj", "{34C08A35-41F2-4DB1-ADF2-F5A160B64908}"
EndProject
Global
	GlobalSection(SolutionConfigurationPlatforms) = preSolution
		Debug|Any CPU = Debug|Any CPU
		Release|Any CPU = Release|Any CPU
	EndGlobalSection
	GlobalSection(ProjectConfigurationPlatforms) = postSolution
		{34C08A35-41F2-4DB1-ADF2-F5A160B64908}.Debug|Any CPU.ActiveCfg = Debug|Any CPU
		{34C08A35-41F2-4DB1-ADF2-F5A160B64908}.Debug|Any CPU.Build.0 = Debug|Any CPU
		{34C08A35-41F2-4DB1-ADF2-F5A160B64908}.Release|Any CPU.ActiveCfg = Release|Any CPU
		{34C08A35-41F2-4DB1-ADF2-F5A160B64908}.Release|Any CPU.Build.0 = Release|Any CPU
	EndGlobalSection
	GlobalSection(SolutionProperties) = preSolution
		HideSolutionNode = FALSE
	EndGlobalSection
	GlobalSection(ExtensibilityGlobals) = postSolution
		SolutionGuid = {DDC16972-9C2A-4A56-840A-8F8533CAD489}
	EndGlobalSection
EndGlobal
